
Microsoft Visual Studio Solution File, Format Version 12.00
Project("{FAE04EC0-301F-11D3-BF4B-00C04F79EFBC}") = "ServerMultiTool", "ServerMultiTool\ServerMultiTool.csproj", "{C80B5A9E-888C-44EA-B7B9-D1A272DC61CA}"
EndProject
Project("{2150E333-8FDC-42A3-9474-1A3956D46DE8}") = "tests", "tests", "{0AB3BF05-4346-4AA6-1389-037BE0695223}"
EndProject
Project("{FAE04EC0-301F-11D3-BF4B-00C04F79EFBC}") = "ServerMultiTool.NavigationTests", "tests\ServerMultiTool.NavigationTests\ServerMultiTool.NavigationTests.csproj", "{93AA5928-6046-4C58-B8A4-530822D91F9E}"
EndProject
Project("{FAE04EC0-301F-11D3-BF4B-00C04F79EFBC}") = "ServerMultiTool.UiAutomationTests", "tests\ServerMultiTool.UiAutomationTests\ServerMultiTool.UiAutomationTests.csproj", "{942B6A94-1D2E-4C56-A067-BFA867057753}"
EndProject
Global
	GlobalSection(SolutionConfigurationPlatforms) = preSolution
		Debug|Any CPU = Debug|Any CPU
		Debug|x64 = Debug|x64
		Debug|x86 = Debug|x86
		Release|Any CPU = Release|Any CPU
		Release|x64 = Release|x64
		Release|x86 = Release|x86
	EndGlobalSection
	GlobalSection(ProjectConfigurationPlatforms) = postSolution
		{C80B5A9E-888C-44EA-B7B9-D1A272DC61CA}.Debug|Any CPU.ActiveCfg = Debug|Any CPU
		{C80B5A9E-888C-44EA-B7B9-D1A272DC61CA}.Debug|Any CPU.Build.0 = Debug|Any CPU
		{C80B5A9E-888C-44EA-B7B9-D1A272DC61CA}.Debug|x64.ActiveCfg = Debug|Any CPU
		{C80B5A9E-888C-44EA-B7B9-D1A272DC61CA}.Debug|x64.Build.0 = Debug|Any CPU
		{C80B5A9E-888C-44EA-B7B9-D1A272DC61CA}.Debug|x86.ActiveCfg = Debug|Any CPU
		{C80B5A9E-888C-44EA-B7B9-D1A272DC61CA}.Debug|x86.Build.0 = Debug|Any CPU
		{C80B5A9E-888C-44EA-B7B9-D1A272DC61CA}.Release|Any CPU.ActiveCfg = Release|Any CPU
		{C80B5A9E-888C-44EA-B7B9-D1A272DC61CA}.Release|Any CPU.Build.0 = Release|Any CPU
		{C80B5A9E-888C-44EA-B7B9-D1A272DC61CA}.Release|x64.ActiveCfg = Release|Any CPU
		{C80B5A9E-888C-44EA-B7B9-D1A272DC61CA}.Release|x64.Build.0 = Release|Any CPU
		{C80B5A9E-888C-44EA-B7B9-D1A272DC61CA}.Release|x86.ActiveCfg = Release|Any CPU
		{C80B5A9E-888C-44EA-B7B9-D1A272DC61CA}.Release|x86.Build.0 = Release|Any CPU
		{93AA5928-6046-4C58-B8A4-530822D91F9E}.Debug|Any CPU.ActiveCfg = Debug|Any CPU
		{93AA5928-6046-4C58-B8A4-530822D91F9E}.Debug|Any CPU.Build.0 = Debug|Any CPU
		{93AA5928-6046-4C58-B8A4-530822D91F9E}.Debug|x64.ActiveCfg = Debug|Any CPU
		{93AA5928-6046-4C58-B8A4-530822D91F9E}.Debug|x64.Build.0 = Debug|Any CPU
		{93AA5928-6046-4C58-B8A4-530822D91F9E}.Debug|x86.ActiveCfg = Debug|Any CPU
		{93AA5928-6046-4C58-B8A4-530822D91F9E}.Debug|x86.Build.0 = Debug|Any CPU
		{93AA5928-6046-4C58-B8A4-530822D91F9E}.Release|Any CPU.ActiveCfg = Release|Any CPU
		{93AA5928-6046-4C58-B8A4-530822D91F9E}.Release|Any CPU.Build.0 = Release|Any CPU
		{93AA5928-6046-4C58-B8A4-530822D91F9E}.Release|x64.ActiveCfg = Release|Any CPU
		{93AA5928-6046-4C58-B8A4-530822D91F9E}.Release|x64.Build.0 = Release|Any CPU
		{93AA5928-6046-4C58-B8A4-530822D91F9E}.Release|x86.ActiveCfg = Release|Any CPU
		{93AA5928-6046-4C58-B8A4-530822D91F9E}.Release|x86.Build.0 = Release|Any CPU
		{942B6A94-1D2E-4C56-A067-BFA867057753}.Debug|Any CPU.ActiveCfg = Debug|Any CPU
		{942B6A94-1D2E-4C56-A067-BFA867057753}.Debug|Any CPU.Build.0 = Debug|Any CPU
		{942B6A94-1D2E-4C56-A067-BFA867057753}.Debug|x64.ActiveCfg = Debug|Any CPU
		{942B6A94-1D2E-4C56-A067-BFA867057753}.Debug|x64.Build.0 = Debug|Any CPU
		{942B6A94-1D2E-4C56-A067-BFA867057753}.Debug|x86.ActiveCfg = Debug|Any CPU
		{942B6A94-1D2E-4C56-A067-BFA867057753}.Debug|x86.Build.0 = Debug|Any CPU
		{942B6A94-1D2E-4C56-A067-BFA867057753}.Release|Any CPU.ActiveCfg = Release|Any CPU
		{942B6A94-1D2E-4C56-A067-BFA867057753}.Release|Any CPU.Build.0 = Release|Any CPU
		{942B6A94-1D2E-4C56-A067-BFA867057753}.Release|x64.ActiveCfg = Release|Any CPU
		{942B6A94-1D2E-4C56-A067-BFA867057753}.Release|x64.Build.0 = Release|Any CPU
		{942B6A94-1D2E-4C56-A067-BFA867057753}.Release|x86.ActiveCfg = Release|Any CPU
		{942B6A94-1D2E-4C56-A067-BFA867057753}.Release|x86.Build.0 = Release|Any CPU
	EndGlobalSection
	GlobalSection(SolutionProperties) = preSolution
		HideSolutionNode = FALSE
	EndGlobalSection
	GlobalSection(NestedProjects) = preSolution
		{93AA5928-6046-4C58-B8A4-530822D91F9E} = {0AB3BF05-4346-4AA6-1389-037BE0695223}
		{942B6A94-1D2E-4C56-A067-BFA867057753} = {0AB3BF05-4346-4AA6-1389-037BE0695223}
	EndGlobalSection
EndGlobal
